
Microsoft Visual Studio Solution File, Format Version 12.00
# Visual Studio Version 17
VisualStudioVersion = 17.11.35431.28
MinimumVisualStudioVersion = 10.0.40219.1
Project("{FAE04EC0-301F-11D3-BF4B-00C04F79EFBC}") = "DotNetProject", "DotNetProject\DotNetProject.csproj", "{F3A7C0C0-84C7-46CF-92A4-CFD3BB95351C}"
EndProject
Global
	GlobalSection(SolutionConfigurationPlatforms) = preSolution
		Debug|Any CPU = Debug|Any CPU
		Release|Any CPU = Release|Any CPU
	EndGlobalSection
	GlobalSection(ProjectConfigurationPlatforms) = postSolution
		{F3A7C0C0-84C7-46CF-92A4-CFD3BB95351C}.Debug|Any CPU.ActiveCfg = Debug|Any CPU
		{F3A7C0C0-84C7-46CF-92A4-CFD3BB95351C}.Debug|Any CPU.Build.0 = Debug|Any CPU
		{F3A7C0C0-84C7-46CF-92A4-CFD3BB95351C}.Release|Any CPU.ActiveCfg = Release|Any CPU
		{F3A7C0C0-84C7-46CF-92A4-CFD3BB95351C}.Release|Any CPU.Build.0 = Release|Any CPU
	EndGlobalSection
	GlobalSection(SolutionProperties) = preSolution
		HideSolutionNode = FALSE
	EndGlobalSection
	GlobalSection(ExtensibilityGlobals) = postSolution
		SolutionGuid = {B35C2C6C-F19A-491E-9EE2-0C3387EEEA0D}
	EndGlobalSection
EndGlobal
